
Microsoft Visual Studio Solution File, Format Version 12.00
Project("{FAE04EC0-301F-11D3-BF4B-00C04F79EFBC}") = "Allegro.Prometheus.TrueRpsMetric", "Allegro.Prometheus.TrueRpsMetric\Allegro.Prometheus.TrueRpsMetric.csproj", "{287692CA-9317-416E-93F3-73C37739928B}"
EndProject
Project("{FAE04EC0-301F-11D3-BF4B-00C04F79EFBC}") = "Allegro.Prometheus.TrueRpsMetric.Tests", "Allegro.Prometheus.TrueRpsMetric.Tests\Allegro.Prometheus.TrueRpsMetric.Tests.csproj", "{A3C5DEC7-8943-4C66-8FD6-5FE74F39383D}"
EndProject
Global
	GlobalSection(SolutionConfigurationPlatforms) = preSolution
		Debug|Any CPU = Debug|Any CPU
		Release|Any CPU = Release|Any CPU
	EndGlobalSection
	GlobalSection(ProjectConfigurationPlatforms) = postSolution
		{287692CA-9317-416E-93F3-73C37739928B}.Debug|Any CPU.ActiveCfg = Debug|Any CPU
		{287692CA-9317-416E-93F3-73C37739928B}.Debug|Any CPU.Build.0 = Debug|Any CPU
		{287692CA-9317-416E-93F3-73C37739928B}.Release|Any CPU.ActiveCfg = Release|Any CPU
		{287692CA-9317-416E-93F3-73C37739928B}.Release|Any CPU.Build.0 = Release|Any CPU
		{A3C5DEC7-8943-4C66-8FD6-5FE74F39383D}.Debug|Any CPU.ActiveCfg = Debug|Any CPU
		{A3C5DEC7-8943-4C66-8FD6-5FE74F39383D}.Debug|Any CPU.Build.0 = Debug|Any CPU
		{A3C5DEC7-8943-4C66-8FD6-5FE74F39383D}.Release|Any CPU.ActiveCfg = Release|Any CPU
		{A3C5DEC7-8943-4C66-8FD6-5FE74F39383D}.Release|Any CPU.Build.0 = Release|Any CPU
	EndGlobalSection
EndGlobal
